// !$*UTF8*$!
{
	archiveVersion = 1;
	classes = {
	};
	objectVersion = 56;
	objects = {

/* Begin PBXBuildFile section */
		8B0261E52C4A02A80075B425 /* AppDelegate.swift in Sources */ = {isa = PBXBuildFile; fileRef = 8B0261E42C4A02A80075B425 /* AppDelegate.swift */; };
		8B0261E72C4A02A80075B425 /* ContentView.swift in Sources */ = {isa = PBXBuildFile; fileRef = 8B0261E62C4A02A80075B425 /* ContentView.swift */; };
		8B0261EB2C4A02A80075B425 /* MainView.swift in Sources */ = {isa = PBXBuildFile; fileRef = 8B0261EA2C4A02A80075B425 /* MainView.swift */; };
/* End PBXBuildFile section */

/* Begin PBXFileReference section */
		8B0261E12C4A02A80075B425 /* md-viewer.app */ = {isa = PBXFileReference; explicitFileType = wrapper.application; includeInIndex = 0; path = "md-viewer.app"; sourceTree = BUILT_PRODUCTS_DIR; };
		8B0261E42C4A02A80075B425 /* AppDelegate.swift */ = {isa = PBXFileReference; lastKnownFileType = sourcecode.swift; path = AppDelegate.swift; sourceTree = "<group>"; };
		8B0261E62C4A02A80075B425 /* ContentView.swift */ = {isa = PBXFileReference; lastKnownFileType = sourcecode.swift; path = ContentView.swift; sourceTree = "<group>"; };
		8B0261E82C4A02A80075B425 /* Info.plist */ = {isa = PBXFileReference; lastKnownFileType = text.plist.xml; path = Info.plist; sourceTree = "<group>"; };
		8B0261EA2C4A02A80075B425 /* MainView.swift */ = {isa = PBXFileReference; lastKnownFileType = sourcecode.swift; path = MainView.swift; sourceTree = "<group>"; };
/* End PBXFileReference section */

/* Begin PBXGroup section */
		8B0261E02C4A02A80075B425 = {isa = PBXGroup; children = ( 8B0261E32C4A02A80075B425 /* md-viewer */, 8B0261E22C4A02A80075B425 /* Products */ ); sourceTree = "<group>"; };
		8B0261E22C4A02A80075B425 /* Products */ = {isa = PBXGroup; children = ( 8B0261E12C4A02A80075B425 /* md-viewer.app */ ); name = Products; sourceTree = "<group>"; };
		8B0261E32C4A02A80075B425 /* md-viewer */ = {isa = PBXGroup; children = ( 8B0261E42C4A02A80075B425 /* AppDelegate.swift */, 8B0261E62C4A02A80075B425 /* ContentView.swift */, 8B0261EA2C4A02A80075B425 /* MainView.swift */, 8B0261E82C4A02A80075B425 /* Info.plist */ ); path = "md-viewer"; sourceTree = "<group>"; };
		
/* End PBXGroup section */

/* Begin PBXNativeTarget section */
		8B0261EC2C4A02A80075B425 /* md-viewer */ = {
			isa = PBXNativeTarget;
			buildConfigurationList = 8B0261EF2C4A02A80075B425 /* Build configuration list for PBXNativeTarget "md-viewer" */;
			buildPhases = ( 8B0261ED2C4A02A80075B425 /* Sources */, 8B0261EE2C4A02A80075B425 /* Frameworks */ );
			buildRules = ( );
			dependencies = ( );
			name = "md-viewer";
			productName = "md-viewer";
			productReference = 8B0261E12C4A02A80075B425 /* md-viewer.app */;
			productType = "com.apple.product-type.application";
		};
/* End PBXNativeTarget section */

/* Begin PBXProject section */
		8B0261F02C4A02A80075B425 /* Project object */ = {
			isa = PBXProject;
			attributes = {
				LastUpgradeCheck = 1300;
				ORGANIZATIONNAME = "";
				TargetAttributes = {
					8B0261EC2C4A02A80075B425 = {
						CreatedOnToolsVersion = 13.0;
					};
				};
			};
			buildConfigurationList = 8B0261F32C4A02A80075B425 /* Build configuration list for PBXProject "md-viewer" */;
			compatibilityVersion = "Xcode 13.0";
			developmentRegion = en;
			hasScannedForEncodings = 0;
			knownRegions = ( en, Base, );
			mainGroup = 8B0261E02C4A02A80075B425;
			productRefGroup = 8B0261E22C4A02A80075B425 /* Products */;
			projectDirPath = "";
			projectRoot = "";
			targets = ( 8B0261EC2C4A02A80075B425 /* md-viewer */ );
		};
/* End PBXProject section */

/* Begin PBXSourcesBuildPhase section */
		8B0261ED2C4A02A80075B425 /* Sources */ = {
			isa = PBXSourcesBuildPhase;
			buildActionMask = 2147483647;
			files = ( 8B0261E72C4A02A80075B425 /* ContentView.swift in Sources */, 8B0261EB2C4A02A80075B425 /* MainView.swift in Sources */, 8B0261E52C4A02A80075B425 /* AppDelegate.swift in Sources */, );
			runOnlyForDeploymentPostprocessing = 0;
		};
/* End PBXSourcesBuildPhase section */

/* Begin PBXFrameworksBuildPhase section */
		8B0261EE2C4A02A80075B425 /* Frameworks */ = {
			isa = PBXFrameworksBuildPhase;
			buildActionMask = 2147483647;
			files = ( );
			runOnlyForDeploymentPostprocessing = 0;
		};
/* End PBXFrameworksBuildPhase section */

/* Begin XCBuildConfiguration section */
		8B0261F12C4A02A80075B425 /* Debug */ = {
			isa = XCBuildConfiguration;
			buildSettings = {
				ASSETCATALOG_COMPILER_APPICON_NAME = AppIcon;
				CODE_SIGN_IDENTITY = "-";
				CODE_SIGN_STYLE = Automatic;
				DEBUG_INFORMATION_FORMAT = dwarf;
				DEVELOPMENT_TEAM = "";
				INFOPLIST_FILE = "md-viewer/Info.plist";
				MACOSX_DEPLOYMENT_TARGET = 12.0;
				PRODUCT_BUNDLE_IDENTIFIER = "com.example.md-viewer";
				PRODUCT_NAME = "$(TARGET_NAME)";
				SWIFT_VERSION = 5.0;
			};
			name = Debug;
		};
		8B0261F22C4A02A80075B425 /* Release */ = {
			isa = XCBuildConfiguration;
			buildSettings = {
				ASSETCATALOG_COMPILER_APPICON_NAME = AppIcon;
				CODE_SIGN_IDENTITY = "-";
				CODE_SIGN_STYLE = Automatic;
				DEBUG_INFORMATION_FORMAT = "dwarf-with-dsym";
				DEVELOPMENT_TEAM = "";
				INFOPLIST__FILE = "md-viewer/Info.plist";
				MACOSX_DEPLOYMENT_TARGET = 12.0;
				PRODUCT_BUNDLE_IDENTIFIER = "com.example.md-viewer";
				PRODUCT_NAME = "$(TARGET_NAME)";
				SWIFT_VERSION = 5.0;
			};
			name = Release;
		};
		8B0261F42C4A02A80075B425 /* Debug */ = {
			isa = XCBuildConfiguration;
			buildSettings = {
				PRODUCT_NAME = "$(TARGET_NAME)";
			};
			name = Debug;
		};
		8B0261F52C4A02A80075B425 /* Release */ = {
			isa = XCBuildConfiguration;
			buildSettings = {
				PRODUCT_NAME = "$(TARGET_NAME)";
			};
			name = Release;
		};
/* End XCBuildConfiguration section */

/* Begin XCConfigurationList section */
		8B0261EF2C4A02A80075B425 /* Build configuration list for PBXNativeTarget "md-viewer" */ = {
			isa = XCConfigurationList;
			buildConfigurations = ( 8B0261F12C4A02A80075B425 /* Debug */, 8B0261F22C4A02A80075B425 /* Release */, );
			defaultConfigurationIsVisible = 0;
			defaultConfigurationName = Release;
		};
		8B0261F32C4A02A80075B425 /* Build configuration list for PBXProject "md-viewer" */ = {
			isa = XCConfigurationList;
			buildConfigurations = ( 8B0261F42C4A02A80075B425 /* Debug */, 8B0261F52C4A02A80075B425 /* Release */, );
			defaultConfigurationIsVisible = 0;
			defaultConfigurationName = Release;
		};
/* End XCConfigurationList section */
	};
	rootObject = 8B0261F02C4A02A80075B425 /* Project object */;
}
