// !$*UTF8*$!
{
	archiveVersion = 1;
	classes = {
	};
	objectVersion = 77;
	objects = {

/* Begin PBXBuildFile section */
		9DF2652E2EA5E5A2009176AB /* WebKit.framework in Frameworks */ = {isa = PBXBuildFile; fileRef = 9DF2652D2EA5E5A2009176AB /* WebKit.framework */; };
		9DFBBAAA2EB2B4C900A69EFE /* Markdown in Frameworks */ = {isa = PBXBuildFile; productRef = 9D92FFC52EA5EEAE00018304 /* Markdown */; };
/* End PBXBuildFile section */

/* Begin PBXContainerItemProxy section */
		9DF265102EA5E1C4009176AB /* PBXContainerItemProxy */ = {
			isa = PBXContainerItemProxy;
			containerPortal = 9DF264F72EA5E1C2009176AB /* Project object */;
			proxyType = 1;
			remoteGlobalIDString = 9DF264FE2EA5E1C2009176AB;
			remoteInfo = md_viewer_xcode;
		};
		9DF2651A2EA5E1C4009176AB /* PBXContainerItemProxy */ = {
			isa = PBXContainerItemProxy;
			containerPortal = 9DF264F72EA5E1C2009176AB /* Project object */;
			proxyType = 1;
			remoteGlobalIDString = 9DF264FE2EA5E1C2009176AB;
			remoteInfo = md_viewer_xcode;
		};
/* End PBXContainerItemProxy section */

/* Begin PBXFileReference section */
		9DF264FF2EA5E1C2009176AB /* md_viewer_xcode.app */ = {isa = PBXFileReference; explicitFileType = wrapper.application; includeInIndex = 0; path = md_viewer_xcode.app; sourceTree = BUILT_PRODUCTS_DIR; };
		9DF2650F2EA5E1C4009176AB /* md_viewer_xcodeTests.xctest */ = {isa = PBXFileReference; explicitFileType = wrapper.cfbundle; includeInIndex = 0; path = md_viewer_xcodeTests.xctest; sourceTree = BUILT_PRODUCTS_DIR; };
		9DF265192EA5E1C4009176AB /* md_viewer_xcodeUITests.xctest */ = {isa = PBXFileReference; explicitFileType = wrapper.cfbundle; includeInIndex = 0; path = md_viewer_xcodeUITests.xctest; sourceTree = BUILT_PRODUCTS_DIR; };
		9DF2652D2EA5E5A2009176AB /* WebKit.framework */ = {isa = PBXFileReference; lastKnownFileType = wrapper.framework; name = WebKit.framework; path = System/Library/Frameworks/WebKit.framework; sourceTree = SDKROOT; };
/* End PBXFileReference section */

/* Begin PBXFileSystemSynchronizedBuildFileExceptionSet section */
		9DF265FF2EA5E1C2009176AB /* Exceptions for "md_viewer_xcode" folder in "Copy Bundle Resources" phase from "md_viewer_xcode" target */ = {
			isa = PBXFileSystemSynchronizedBuildFileExceptionSet;
			membershipExceptions = (
				Info.plist,
			);
			target = 9DF264FE2EA5E1C2009176AB /* md_viewer_xcode */;
		};
/* End PBXFileSystemSynchronizedBuildFileExceptionSet section */

/* Begin PBXFileSystemSynchronizedRootGroup section */
		9DF265012EA5E1C2009176AB /* md_viewer_xcode */ = {
			isa = PBXFileSystemSynchronizedRootGroup;
			exceptions = (
				9DF265FF2EA5E1C2009176AB /* Exceptions for "md_viewer_xcode" folder in "Copy Bundle Resources" phase from "md_viewer_xcode" target */,
			);
			path = md_viewer_xcode;
			sourceTree = "<group>";
		};
		9DF265122EA5E1C4009176AB /* md_viewer_xcodeTests */ = {
			isa = PBXFileSystemSynchronizedRootGroup;
			path = md_viewer_xcodeTests;
			sourceTree = "<group>";
		};
		9DF2651C2EA5E1C4009176AB /* md_viewer_xcodeUITests */ = {
			isa = PBXFileSystemSynchronizedRootGroup;
			path = md_viewer_xcodeUITests;
			sourceTree = "<group>";
		};
/* End PBXFileSystemSynchronizedRootGroup section */

/* Begin PBXFrameworksBuildPhase section */
		9DF264FC2EA5E1C2009176AB /* Frameworks */ = {
			isa = PBXFrameworksBuildPhase;
			buildActionMask = 2147483647;
			files = (
				9DFBBAAA2EB2B4C900A69EFE /* Markdown in Frameworks */,
				9DF2652E2EA5E5A2009176AB /* WebKit.framework in Frameworks */,
			);
			runOnlyForDeploymentPostprocessing = 0;
		};
		9DF2650C2EA5E1C4009176AB /* Frameworks */ = {
			isa = PBXFrameworksBuildPhase;
			buildActionMask = 2147483647;
			files = (
			);
			runOnlyForDeploymentPostprocessing = 0;
		};
		9DF265162EA5E1C4009176AB /* Frameworks */ = {
			isa = PBXFrameworksBuildPhase;
			buildActionMask = 2147483647;
			files = (
			);
			runOnlyForDeploymentPostprocessing = 0;
		};
/* End PBXFrameworksBuildPhase section */

/* Begin PBXGroup section */
		9DF264F62EA5E1C2009176AB = {
			isa = PBXGroup;
			children = (
				9DF265012EA5E1C2009176AB /* md_viewer_xcode */,
				9DF265122EA5E1C4009176AB /* md_viewer_xcodeTests */,
				9DF2651C2EA5E1C4009176AB /* md_viewer_xcodeUITests */,
				9DF2652C2EA5E5A2009176AB /* Frameworks */,
				9DF265002EA5E1C2009176AB /* Products */,
			);
			sourceTree = "<group>";
		};
		9DF265002EA5E1C2009176AB /* Products */ = {
			isa = PBXGroup;
			children = (
				9DF264FF2EA5E1C2009176AB /* md_viewer_xcode.app */,
				9DF2650F2EA5E1C4009176AB /* md_viewer_xcodeTests.xctest */,
				9DF265192EA5E1C4009176AB /* md_viewer_xcodeUITests.xctest */,
			);
			name = Products;
			sourceTree = "<group>";
		};
		9DF2652C2EA5E5A2009176AB /* Frameworks */ = {
			isa = PBXGroup;
			children = (
				9DF2652D2EA5E5A2009176AB /* WebKit.framework */,
			);
			name = Frameworks;
			sourceTree = "<group>";
		};
/* End PBXGroup section */

/* Begin PBXNativeTarget section */
		9DF264FE2EA5E1C2009176AB /* md_viewer_xcode */ = {
			isa = PBXNativeTarget;
			buildConfigurationList = 9DF265232EA5E1C4009176AB /* Build configuration list for PBXNativeTarget "md_viewer_xcode" */;
			buildPhases = (
				9DF264FB2EA5E1C2009176AB /* Sources */,
				9DF264FC2EA5E1C2009176AB /* Frameworks */,
				9DF264FD2EA5E1C2009176AB /* Resources */,
			);
			buildRules = (
			);
			dependencies = (
			);
			fileSystemSynchronizedGroups = (
				9DF265012EA5E1C2009176AB /* md_viewer_xcode */,
			);
			name = md_viewer_xcode;
			packageProductDependencies = (
				9D92FFC52EA5EEAE00018304 /* Markdown */,
			);
			productName = md_viewer_xcode;
			productReference = 9DF264FF2EA5E1C2009176AB /* md_viewer_xcode.app */;
			productType = "com.apple.product-type.application";
		};
		9DF2650E2EA5E1C4009176AB /* md_viewer_xcodeTests */ = {
			isa = PBXNativeTarget;
			buildConfigurationList = 9DF265262EA5E1C4009176AB /* Build configuration list for PBXNativeTarget "md_viewer_xcodeTests" */;
			buildPhases = (
				9DF2650B2EA5E1C4009176AB /* Sources */,
				9DF2650C2EA5E1C4009176AB /* Frameworks */,
				9DF2650D2EA5E1C4009176AB /* Resources */,
			);
			buildRules = (
			);
			dependencies = (
				9DF265112EA5E1C4009176AB /* PBXTargetDependency */,
			);
			fileSystemSynchronizedGroups = (
				9DF265122EA5E1C4009176AB /* md_viewer_xcodeTests */,
			);
			name = md_viewer_xcodeTests;
			packageProductDependencies = (
			);
			productName = md_viewer_xcodeTests;
			productReference = 9DF2650F2EA5E1C4009176AB /* md_viewer_xcodeTests.xctest */;
			productType = "com.apple.product-type.bundle.unit-test";
		};
		9DF265182EA5E1C4009176AB /* md_viewer_xcodeUITests */ = {
			isa = PBXNativeTarget;
			buildConfigurationList = 9DF265292EA5E1C4009176AB /* Build configuration list for PBXNativeTarget "md_viewer_xcodeUITests" */;
			buildPhases = (
				9DF265152EA5E1C4009176AB /* Sources */,
				9DF265162EA5E1C4009176AB /* Frameworks */,
				9DF265172EA5E1C4009176AB /* Resources */,
			);
			buildRules = (
			);
			dependencies = (
				9DF2651B2EA5E1C4009176AB /* PBXTargetDependency */,
			);
			fileSystemSynchronizedGroups = (
				9DF2651C2EA5E1C4009176AB /* md_viewer_xcodeUITests */,
			);
			name = md_viewer_xcodeUITests;
			packageProductDependencies = (
			);
			productName = md_viewer_xcodeUITests;
			productReference = 9DF265192EA5E1C4009176AB /* md_viewer_xcodeUITests.xctest */;
			productType = "com.apple.product-type.bundle.ui-testing";
		};
/* End PBXNativeTarget section */

/* Begin PBXProject section */
		9DF264F72EA5E1C2009176AB /* Project object */ = {
			isa = PBXProject;
			attributes = {
				BuildIndependentTargetsInParallel = 1;
				LastSwiftUpdateCheck = 2600;
				LastUpgradeCheck = 2600;
				TargetAttributes = {
					9DF264FE2EA5E1C2009176AB = {
						CreatedOnToolsVersion = 26.0.1;
					};
					9DF2650E2EA5E1C4009176AB = {
						CreatedOnToolsVersion = 26.0.1;
						TestTargetID = 9DF264FE2EA5E1C2009176AB;
					};
					9DF265182EA5E1C4009176AB = {
						CreatedOnToolsVersion = 26.0.1;
						TestTargetID = 9DF264FE2EA5E1C2009176AB;
					};
				};
			};
			buildConfigurationList = 9DF264FA2EA5E1C2009176AB /* Build configuration list for PBXProject "md_viewer_xcode" */;
			developmentRegion = en;
			hasScannedForEncodings = 0;
			knownRegions = (
				en,
				Base,
			);
			mainGroup = 9DF264F62EA5E1C2009176AB;
			minimizedProjectReferenceProxies = 1;
			packageReferences = (
				9D92FFC42EA5EEAE00018303 /* XCRemoteSwiftPackageReference "swift-markdown" */,
			);
			preferredProjectObjectVersion = 77;
			productRefGroup = 9DF265002EA5E1C2009176AB /* Products */;
			projectDirPath = "";
			projectRoot = "";
			targets = (
				9DF264FE2EA5E1C2009176AB /* md_viewer_xcode */,
				9DF2650E2EA5E1C4009176AB /* md_viewer_xcodeTests */,
				9DF265182EA5E1C4009176AB /* md_viewer_xcodeUITests */,
			);
		};
/* End PBXProject section */

/* Begin PBXResourcesBuildPhase section */
		9DF264FD2EA5E1C2009176AB /* Resources */ = {
			isa = PBXResourcesBuildPhase;
			buildActionMask = 2147483647;
			files = (
			);
			runOnlyForDeploymentPostprocessing = 0;
		};
		9DF2650D2EA5E1C4009176AB /* Resources */ = {
			isa = PBXResourcesBuildPhase;
			buildActionMask = 2147483647;
			files = (
			);
			runOnlyForDeploymentPostprocessing = 0;
		};
		9DF265172EA5E1C4009176AB /* Resources */ = {
			isa = PBXResourcesBuildPhase;
			buildActionMask = 2147483647;
			files = (
			);
			runOnlyForDeploymentPostprocessing = 0;
		};
/* End PBXResourcesBuildPhase section */

/* Begin PBXSourcesBuildPhase section */
		9DF264FB2EA5E1C2009176AB /* Sources */ = {
			isa = PBXSourcesBuildPhase;
			buildActionMask = 2147483647;
			files = (
			);
			runOnlyForDeploymentPostprocessing = 0;
		};
		9DF2650B2EA5E1C4009176AB /* Sources */ = {
			isa = PBXSourcesBuildPhase;
			buildActionMask = 2147483647;
			files = (
			);
			runOnlyForDeploymentPostprocessing = 0;
		};
		9DF265152EA5E1C4009176AB /* Sources */ = {
			isa = PBXSourcesBuildPhase;
			buildActionMask = 2147483647;
			files = (
			);
			runOnlyForDeploymentPostprocessing = 0;
		};
/* End PBXSourcesBuildPhase section */

/* Begin PBXTargetDependency section */
		9DF265112EA5E1C4009176AB /* PBXTargetDependency */ = {
			isa = PBXTargetDependency;
			target = 9DF264FE2EA5E1C2009176AB /* md_viewer_xcode */;
			targetProxy = 9DF265102EA5E1C4009176AB /* PBXContainerItemProxy */;
		};
		9DF2651B2EA5E1C4009176AB /* PBXTargetDependency */ = {
			isa = PBXTargetDependency;
			target = 9DF264FE2EA5E1C2009176AB /* md_viewer_xcode */;
			targetProxy = 9DF2651A2EA5E1C4009176AB /* PBXContainerItemProxy */;
		};
/* End PBXTargetDependency section */

/* Begin XCBuildConfiguration section */
		9DF265212EA5E1C4009176AB /* Debug */ = {
			isa = XCBuildConfiguration;
			buildSettings = {
				ALWAYS_SEARCH_USER_PATHS = NO;
				ASSETCATALOG_COMPILER_GENERATE_SWIFT_ASSET_SYMBOL_EXTENSIONS = YES;
				CLANG_ANALYZER_NONNULL = YES;
				CLANG_ANALYZER_NUMBER_OBJECT_CONVERSION = YES_AGGRESSIVE;
				CLANG_CXX_LANGUAGE_STANDARD = "gnu++20";
				CLANG_ENABLE_MODULES = YES;
				CLANG_ENABLE_OBJC_ARC = YES;
				CLANG_ENABLE_OBJC_WEAK = YES;
				CLANG_WARN_BLOCK_CAPTURE_AUTORELEASING = YES;
				CLANG_WARN_BOOL_CONVERSION = YES;
				CLANG_WARN_COMMA = YES;
				CLANG_WARN_CONSTANT_CONVERSION = YES;
				CLANG_WARN_DEPRECATED_OBJC_IMPLEMENTATIONS = YES;
				CLANG_WARN_DIRECT_OBJC_ISA_USAGE = YES_ERROR;
				CLANG_WARN_DOCUMENTATION_COMMENTS = YES;
				CLANG_WARN_EMPTY_BODY = YES;
				CLANG_WARN_ENUM_CONVERSION = YES;
				CLANG_WARN_INFINITE_RECURSION = YES;
				CLANG_WARN_INT_CONVERSION = YES;
				CLANG_WARN_NON_LITERAL_NULL_CONVERSION = YES;
				CLANG_WARN_OBJC_IMPLICIT_RETAIN_SELF = YES;
				CLANG_WARN_OBJC_LITERAL_CONVERSION = YES;
				CLANG_WARN_OBJC_ROOT_CLASS = YES_ERROR;
				CLANG_WARN_QUOTED_INCLUDE_IN_FRAMEWORK_HEADER = YES;
				CLANG_WARN_RANGE_LOOP_ANALYSIS = YES;
				CLANG_WARN_STRICT_PROTOTYPES = YES;
				CLANG_WARN_SUSPICIOUS_MOVE = YES;
				CLANG_WARN_UNGUARDED_AVAILABILITY = YES_AGGRESSIVE;
				CLANG_WARN_UNREACHABLE_CODE = YES;
				CLANG_WARN__DUPLICATE_METHOD_MATCH = YES;
				COPY_PHASE_STRIP = NO;
				DEBUG_INFORMATION_FORMAT = dwarf;
				ENABLE_STRICT_OBJC_MSGSEND = YES;
				ENABLE_TESTABILITY = YES;
				ENABLE_USER_SCRIPT_SANDBOXING = YES;
				GCC_C_LANGUAGE_STANDARD = gnu17;
				GCC_DYNAMIC_NO_PIC = NO;
				GCC_NO_COMMON_BLOCKS = YES;
				GCC_OPTIMIZATION_LEVEL = 0;
				GCC_PREPROCESSOR_DEFINITIONS = (
					"DEBUG=1",
					"$(inherited)",
				);
				GCC_WARN_64_TO_32_BIT_CONVERSION = YES;
				GCC_WARN_ABOUT_RETURN_TYPE = YES_ERROR;
				GCC_WARN_UNDECLARED_SELECTOR = YES;
				GCC_WARN_UNINITIALIZED_AUTOS = YES_AGGRESSIVE;
				GCC_WARN_UNUSED_FUNCTION = YES;
				GCC_WARN_UNUSED_VARIABLE = YES;
				LOCALIZATION_PREFERS_STRING_CATALOGS = YES;
				MACOSX_DEPLOYMENT_TARGET = 26.0;
				MTL_ENABLE_DEBUG_INFO = INCLUDE_SOURCE;
				MTL_FAST_MATH = YES;
				ONLY_ACTIVE_ARCH = YES;
				SDKROOT = macosx;
				SWIFT_ACTIVE_COMPILATION_CONDITIONS = "DEBUG $(inherited)";
				SWIFT_OPTIMIZATION_LEVEL = "-Onone";
			};
			name = Debug;
		};
		9DF265222EA5E1C4009176AB /* Release */ = {
			isa = XCBuildConfiguration;
			buildSettings = {
				ALWAYS_SEARCH_USER_PATHS = NO;
				ASSETCATALOG_COMPILER_GENERATE_SWIFT_ASSET_SYMBOL_EXTENSIONS = YES;
				CLANG_ANALYZER_NONNULL = YES;
				CLANG_ANALYZER_NUMBER_OBJECT_CONVERSION = YES_AGGRESSIVE;
				CLANG_CXX_LANGUAGE_STANDARD = "gnu++20";
				CLANG_ENABLE_MODULES = YES;
				CLANG_ENABLE_OBJC_ARC = YES;
				CLANG_ENABLE_OBJC_WEAK = YES;
				CLANG_WARN_BLOCK_CAPTURE_AUTORELEASING = YES;
				CLANG_WARN_BOOL_CONVERSION = YES;
				CLANG_WARN_COMMA = YES;
				CLANG_WARN_CONSTANT_CONVERSION = YES;
				CLANG_WARN_DEPRECATED_OBJC_IMPLEMENTATIONS = YES;
				CLANG_WARN_DIRECT_OBJC_ISA_USAGE = YES_ERROR;
				CLANG_WARN_DOCUMENTATION_COMMENTS = YES;
				CLANG_WARN_EMPTY_BODY = YES;
				CLANG_WARN_ENUM_CONVERSION = YES;
				CLANG_WARN_INFINITE_RECURSION = YES;
				CLANG_WARN_INT_CONVERSION = YES;
				CLANG_WARN_NON_LITERAL_NULL_CONVERSION = YES;
				CLANG_WARN_OBJC_IMPLICIT_RETAIN_SELF = YES;
				CLANG_WARN_OBJC_LITERAL_CONVERSION = YES;
				CLANG_WARN_OBJC_ROOT_CLASS = YES_ERROR;
				CLANG_WARN_QUOTED_INCLUDE_IN_FRAMEWORK_HEADER = YES;
				CLANG_WARN_RANGE_LOOP_ANALYSIS = YES;
				CLANG_WARN_STRICT_PROTOTYPES = YES;
				CLANG_WARN_SUSPICIOUS_MOVE = YES;
				CLANG_WARN_UNGUARDED_AVAILABILITY = YES_AGGRESSIVE;
				CLANG_WARN_UNREACHABLE_CODE = YES;
				CLANG_WARN__DUPLICATE_METHOD_MATCH = YES;
				COPY_PHASE_STRIP = NO;
				DEBUG_INFORMATION_FORMAT = "dwarf-with-dsym";
				ENABLE_NS_ASSERTIONS = NO;
				ENABLE_STRICT_OBJC_MSGSEND = YES;
				ENABLE_USER_SCRIPT_SANDBOXING = YES;
				GCC_C_LANGUAGE_STANDARD = gnu17;
				GCC_NO_COMMON_BLOCKS = YES;
				GCC_WARN_64_TO_32_BIT_CONVERSION = YES;
				GCC_WARN_ABOUT_RETURN_TYPE = YES_ERROR;
				GCC_WARN_UNDECLARED_SELECTOR = YES;
				GCC_WARN_UNINITIALIZED_AUTOS = YES_AGGRESSIVE;
				GCC_WARN_UNUSED_FUNCTION = YES;
				GCC_WARN_UNUSED_VARIABLE = YES;
				LOCALIZATION_PREFERS_STRING_CATALOGS = YES;
				MACOSX_DEPLOYMENT_TARGET = 26.0;
				MTL_ENABLE_DEBUG_INFO = NO;
				MTL_FAST_MATH = YES;
				SDKROOT = macosx;
				SWIFT_COMPILATION_MODE = wholemodule;
			};
			name = Release;
		};
		9DF265242EA5E1C4009176AB /* Debug */ = {
			isa = XCBuildConfiguration;
			buildSettings = {
				ASSETCATALOG_COMPILER_APPICON_NAME = AppIcon;
				ASSETCATALOG_COMPILER_GLOBAL_ACCENT_COLOR_NAME = AccentColor;
				CODE_SIGN_STYLE = Automatic;
				COMBINE_HIDPI_IMAGES = YES;
				CURRENT_PROJECT_VERSION = 4;
				ENABLE_APP_SANDBOX = NO;
				ENABLE_USER_SELECTED_FILES = readonly;
				GENERATE_INFOPLIST_FILE = YES;
				INFOPLIST_FILE = md_viewer_xcode/Info.plist;

				INFOPLIST_KEY_NSHumanReadableCopyright = "";
				INFOPLIST_KEY_NSPrincipalClass = NSApplication;
				LD_RUNPATH_SEARCH_PATHS = (
					"$(inherited)",
					"@executable_path/../Frameworks",
				);
				MARKETING_VERSION = 1.0.3;
				PRODUCT_BUNDLE_IDENTIFIER = "cahpac.md-viewer-xcode";
				PRODUCT_NAME = "$(TARGET_NAME)";
				REGISTER_APP_GROUPS = YES;
				STRING_CATALOG_GENERATE_SYMBOLS = YES;
				SWIFT_APPROACHABLE_CONCURRENCY = YES;
				SWIFT_DEFAULT_ACTOR_ISOLATION = MainActor;
				SWIFT_EMIT_LOC_STRINGS = YES;
				SWIFT_UPCOMING_FEATURE_MEMBER_IMPORT_VISIBILITY = YES;
				SWIFT_VERSION = 5.0;
			};
			name = Debug;
		};
		9DF265252EA5E1C4009176AB /* Release */ = {
			isa = XCBuildConfiguration;
			buildSettings = {
				ASSETCATALOG_COMPILER_APPICON_NAME = AppIcon;
				ASSETCATALOG_COMPILER_GLOBAL_ACCENT_COLOR_NAME = AccentColor;
				CODE_SIGN_STYLE = Automatic;
				COMBINE_HIDPI_IMAGES = YES;
				CURRENT_PROJECT_VERSION = 4;
				ENABLE_APP_SANDBOX = NO;
				ENABLE_USER_SELECTED_FILES = readonly;
				GENERATE_INFOPLIST_FILE = YES;
				INFOPLIST_FILE = md_viewer_xcode/Info.plist;

				INFOPLIST_KEY_NSHumanReadableCopyright = "";
				INFOPLIST_KEY_NSPrincipalClass = NSApplication;
				LD_RUNPATH_SEARCH_PATHS = (
					"$(inherited)",
					"@executable_path/../Frameworks",
				);
				MARKETING_VERSION = 1.0.3;
				PRODUCT_BUNDLE_IDENTIFIER = "cahpac.md-viewer-xcode";
				PRODUCT_NAME = "$(TARGET_NAME)";
				REGISTER_APP_GROUPS = YES;
				STRING_CATALOG_GENERATE_SYMBOLS = YES;
				SWIFT_APPROACHABLE_CONCURRENCY = YES;
				SWIFT_DEFAULT_ACTOR_ISOLATION = MainActor;
				SWIFT_EMIT_LOC_STRINGS = YES;
				SWIFT_UPCOMING_FEATURE_MEMBER_IMPORT_VISIBILITY = YES;
				SWIFT_VERSION = 5.0;
			};
			name = Release;
		};
		9DF265272EA5E1C4009176AB /* Debug */ = {
			isa = XCBuildConfiguration;
			buildSettings = {
				BUNDLE_LOADER = "$(TEST_HOST)";
				CODE_SIGN_STYLE = Automatic;
				CURRENT_PROJECT_VERSION = 1;
				GENERATE_INFOPLIST_FILE = YES;
				MACOSX_DEPLOYMENT_TARGET = 26.0;
				MARKETING_VERSION = 1.0;
				PRODUCT_BUNDLE_IDENTIFIER = "cahpac.md-viewer-xcodeTests";
				PRODUCT_NAME = "$(TARGET_NAME)";
				STRING_CATALOG_GENERATE_SYMBOLS = NO;
				SWIFT_APPROACHABLE_CONCURRENCY = YES;
				SWIFT_EMIT_LOC_STRINGS = NO;
				SWIFT_UPCOMING_FEATURE_MEMBER_IMPORT_VISIBILITY = YES;
				SWIFT_VERSION = 5.0;
				TEST_HOST = "$(BUILT_PRODUCTS_DIR)/md_viewer_xcode.app/$(BUNDLE_EXECUTABLE_FOLDER_PATH)/md_viewer_xcode";
			};
			name = Debug;
		};
		9DF265282EA5E1C4009176AB /* Release */ = {
			isa = XCBuildConfiguration;
			buildSettings = {
				BUNDLE_LOADER = "$(TEST_HOST)";
				CODE_SIGN_STYLE = Automatic;
				CURRENT_PROJECT_VERSION = 1;
				GENERATE_INFOPLIST_FILE = YES;
				MACOSX_DEPLOYMENT_TARGET = 26.0;
				MARKETING_VERSION = 1.0;
				PRODUCT_BUNDLE_IDENTIFIER = "cahpac.md-viewer-xcodeTests";
				PRODUCT_NAME = "$(TARGET_NAME)";
				STRING_CATALOG_GENERATE_SYMBOLS = NO;
				SWIFT_APPROACHABLE_CONCURRENCY = YES;
				SWIFT_EMIT_LOC_STRINGS = NO;
				SWIFT_UPCOMING_FEATURE_MEMBER_IMPORT_VISIBILITY = YES;
				SWIFT_VERSION = 5.0;
				TEST_HOST = "$(BUILT_PRODUCTS_DIR)/md_viewer_xcode.app/$(BUNDLE_EXECUTABLE_FOLDER_PATH)/md_viewer_xcode";
			};
			name = Release;
		};
		9DF2652A2EA5E1C4009176AB /* Debug */ = {
			isa = XCBuildConfiguration;
			buildSettings = {
				CODE_SIGN_STYLE = Automatic;
				CURRENT_PROJECT_VERSION = 1;
				GENERATE_INFOPLIST_FILE = YES;
				MARKETING_VERSION = 1.0;
				PRODUCT_BUNDLE_IDENTIFIER = "cahpac.md-viewer-xcodeUITests";
				PRODUCT_NAME = "$(TARGET_NAME)";
				STRING_CATALOG_GENERATE_SYMBOLS = NO;
				SWIFT_APPROACHABLE_CONCURRENCY = YES;
				SWIFT_EMIT_LOC_STRINGS = NO;
				SWIFT_UPCOMING_FEATURE_MEMBER_IMPORT_VISIBILITY = YES;
				SWIFT_VERSION = 5.0;
				TEST_TARGET_NAME = md_viewer_xcode;
			};
			name = Debug;
		};
		9DF2652B2EA5E1C4009176AB /* Release */ = {
			isa = XCBuildConfiguration;
			buildSettings = {
				CODE_SIGN_STYLE = Automatic;
				CURRENT_PROJECT_VERSION = 1;
				GENERATE_INFOPLIST_FILE = YES;
				MARKETING_VERSION = 1.0;
				PRODUCT_BUNDLE_IDENTIFIER = "cahpac.md-viewer-xcodeUITests";
				PRODUCT_NAME = "$(TARGET_NAME)";
				STRING_CATALOG_GENERATE_SYMBOLS = NO;
				SWIFT_APPROACHABLE_CONCURRENCY = YES;
				SWIFT_EMIT_LOC_STRINGS = NO;
				SWIFT_UPCOMING_FEATURE_MEMBER_IMPORT_VISIBILITY = YES;
				SWIFT_VERSION = 5.0;
				TEST_TARGET_NAME = md_viewer_xcode;
			};
			name = Release;
		};
/* End XCBuildConfiguration section */

/* Begin XCConfigurationList section */
		9DF264FA2EA5E1C2009176AB /* Build configuration list for PBXProject "md_viewer_xcode" */ = {
			isa = XCConfigurationList;
			buildConfigurations = (
				9DF265212EA5E1C4009176AB /* Debug */,
				9DF265222EA5E1C4009176AB /* Release */,
			);
			defaultConfigurationIsVisible = 0;
			defaultConfigurationName = Release;
		};
		9DF265232EA5E1C4009176AB /* Build configuration list for PBXNativeTarget "md_viewer_xcode" */ = {
			isa = XCConfigurationList;
			buildConfigurations = (
				9DF265242EA5E1C4009176AB /* Debug */,
				9DF265252EA5E1C4009176AB /* Release */,
			);
			defaultConfigurationIsVisible = 0;
			defaultConfigurationName = Release;
		};
		9DF265262EA5E1C4009176AB /* Build configuration list for PBXNativeTarget "md_viewer_xcodeTests" */ = {
			isa = XCConfigurationList;
			buildConfigurations = (
				9DF265272EA5E1C4009176AB /* Debug */,
				9DF265282EA5E1C4009176AB /* Release */,
			);
			defaultConfigurationIsVisible = 0;
			defaultConfigurationName = Release;
		};
		9DF265292EA5E1C4009176AB /* Build configuration list for PBXNativeTarget "md_viewer_xcodeUITests" */ = {
			isa = XCConfigurationList;
			buildConfigurations = (
				9DF2652A2EA5E1C4009176AB /* Debug */,
				9DF2652B2EA5E1C4009176AB /* Release */,
			);
			defaultConfigurationIsVisible = 0;
			defaultConfigurationName = Release;
		};
/* End XCConfigurationList section */

/* Begin XCRemoteSwiftPackageReference section */
		9D92FFC42EA5EEAE00018303 /* XCRemoteSwiftPackageReference "swift-markdown" */ = {
			isa = XCRemoteSwiftPackageReference;
			repositoryURL = "https://github.com/apple/swift-markdown.git";
			requirement = {
				branch = main;
				kind = branch;
			};
		};
/* End XCRemoteSwiftPackageReference section */

/* Begin XCSwiftPackageProductDependency section */
		9D92FFC52EA5EEAE00018304 /* Markdown */ = {
			isa = XCSwiftPackageProductDependency;
			package = 9D92FFC42EA5EEAE00018303 /* XCRemoteSwiftPackageReference "swift-markdown" */;
			productName = Markdown;
		};
/* End XCSwiftPackageProductDependency section */
	};
	rootObject = 9DF264F72EA5E1C2009176AB /* Project object */;
}
